
Microsoft Visual Studio Solution File, Format Version 12.00
# Visual Studio Version 17
VisualStudioVersion = 17.7.34221.43
MinimumVisualStudioVersion = 10.0.40219.1
Project("{FAE04EC0-301F-11D3-BF4B-00C04F79EFBC}") = "CATchingFish", "CATchingFish.csproj", "{47887AFF-04BA-4DCA-A1B6-6265A99C407C}"
EndProject
Global
	GlobalSection(SolutionConfigurationPlatforms) = preSolution
		Debug|Any CPU = Debug|Any CPU
		Release|Any CPU = Release|Any CPU
	EndGlobalSection
	GlobalSection(ProjectConfigurationPlatforms) = postSolution
		{47887AFF-04BA-4DCA-A1B6-6265A99C407C}.Debug|Any CPU.ActiveCfg = Debug|Any CPU
		{47887AFF-04BA-4DCA-A1B6-6265A99C407C}.Debug|Any CPU.Build.0 = Debug|Any CPU
		{47887AFF-04BA-4DCA-A1B6-6265A99C407C}.Release|Any CPU.ActiveCfg = Release|Any CPU
		{47887AFF-04BA-4DCA-A1B6-6265A99C407C}.Release|Any CPU.Build.0 = Release|Any CPU
	EndGlobalSection
	GlobalSection(SolutionProperties) = preSolution
		HideSolutionNode = FALSE
	EndGlobalSection
	GlobalSection(ExtensibilityGlobals) = postSolution
		SolutionGuid = {C75556CF-48D7-4BBB-B768-D1E8DC74EE60}
	EndGlobalSection
EndGlobal
